
Microsoft Visual Studio Solution File, Format Version 12.00
# Visual Studio Version 17
VisualStudioVersion = 17.4.33213.308
MinimumVisualStudioVersion = 10.0.40219.1
Project("{FAE04EC0-301F-11D3-BF4B-00C04F79EFBC}") = "ContaBancaria", "ContaBancaria.csproj", "{1457045F-5D06-4C94-8AD4-BEFE89080C7D}"
EndProject
Global
	GlobalSection(SolutionConfigurationPlatforms) = preSolution
		Debug|Any CPU = Debug|Any CPU
		Release|Any CPU = Release|Any CPU
	EndGlobalSection
	GlobalSection(ProjectConfigurationPlatforms) = postSolution
		{1457045F-5D06-4C94-8AD4-BEFE89080C7D}.Debug|Any CPU.ActiveCfg = Debug|Any CPU
		{1457045F-5D06-4C94-8AD4-BEFE89080C7D}.Debug|Any CPU.Build.0 = Debug|Any CPU
		{1457045F-5D06-4C94-8AD4-BEFE89080C7D}.Release|Any CPU.ActiveCfg = Release|Any CPU
		{1457045F-5D06-4C94-8AD4-BEFE89080C7D}.Release|Any CPU.Build.0 = Release|Any CPU
	EndGlobalSection
	GlobalSection(SolutionProperties) = preSolution
		HideSolutionNode = FALSE
	EndGlobalSection
	GlobalSection(ExtensibilityGlobals) = postSolution
		SolutionGuid = {0DAA740E-8203-446C-A935-CF231EC7A14A}
	EndGlobalSection
EndGlobal
